// !$*UTF8*$!
{
	archiveVersion = 1;
	classes = {
	};
	objectVersion = 46;
	objects = {

/* Begin PBXBuildFile section */
		979DB4321D7C7D4E007C27BC /* AppDelegate.swift in Sources */ = {isa = PBXBuildFile; fileRef = 979DB4311D7C7D4E007C27BC /* AppDelegate.swift */; };
		979DB4341D7C7D4E007C27BC /* ViewController.swift in Sources */ = {isa = PBXBuildFile; fileRef = 979DB4331D7C7D4E007C27BC /* ViewController.swift */; };
		979DB4371D7C7D4E007C27BC /* Main.storyboard in Resources */ = {isa = PBXBuildFile; fileRef = 979DB4351D7C7D4E007C27BC /* Main.storyboard */; };
		979DB4391D7C7D4E007C27BC /* Assets.xcassets in Resources */ = {isa = PBXBuildFile; fileRef = 979DB4381D7C7D4E007C27BC /* Assets.xcassets */; };
		979DB43C1D7C7D4E007C27BC /* LaunchScreen.storyboard in Resources */ = {isa = PBXBuildFile; fileRef = 979DB43A1D7C7D4E007C27BC /* LaunchScreen.storyboard */; };
/* End PBXBuildFile section */

/* Begin PBXFileReference section */
		979DB42E1D7C7D4D007C27BC /* iSocial.app */ = {isa = PBXFileReference; explicitFileType = wrapper.application; includeInIndex = 0; path = iSocial.app; sourceTree = BUILT_PRODUCTS_DIR; };
		979DB4311D7C7D4E007C27BC /* AppDelegate.swift */ = {isa = PBXFileReference; lastKnownFileType = sourcecode.swift; path = AppDelegate.swift; sourceTree = "<group>"; };
		979DB4331D7C7D4E007C27BC /* ViewController.swift */ = {isa = PBXFileReference; lastKnownFileType = sourcecode.swift; path = ViewController.swift; sourceTree = "<group>"; };
		979DB4361D7C7D4E007C27BC /* Base */ = {isa = PBXFileReference; lastKnownFileType = file.storyboard; name = Base; path = Base.lproj/Main.storyboard; sourceTree = "<group>"; };
		979DB4381D7C7D4E007C27BC /* Assets.xcassets */ = {isa = PBXFileReference; lastKnownFileType = folder.assetcatalog; path = Assets.xcassets; sourceTree = "<group>"; };
		979DB43B1D7C7D4E007C27BC /* Base */ = {isa = PBXFileReference; lastKnownFileType = file.storyboard; name = Base; path = Base.lproj/LaunchScreen.storyboard; sourceTree = "<group>"; };
		979DB43D1D7C7D4E007C27BC /* Info.plist */ = {isa = PBXFileReference; lastKnownFileType = text.plist.xml; path = Info.plist; sourceTree = "<group>"; };
/* End PBXFileReference section */

/* Begin PBXFrameworksBuildPhase section */
		979DB42B1D7C7D4D007C27BC /* Frameworks */ = {
			isa = PBXFrameworksBuildPhase;
			buildActionMask = 2147483647;
			files = (
			);
			runOnlyForDeploymentPostprocessing = 0;
		};
/* End PBXFrameworksBuildPhase section */

/* Begin PBXGroup section */
		979DB4251D7C7D4D007C27BC = {
			isa = PBXGroup;
			children = (
				979DB4301D7C7D4E007C27BC /* iSocial */,
				979DB42F1D7C7D4D007C27BC /* Products */,
			);
			sourceTree = "<group>";
		};
		979DB42F1D7C7D4D007C27BC /* Products */ = {
			isa = PBXGroup;
			children = (
				979DB42E1D7C7D4D007C27BC /* iSocial.app */,
			);
			name = Products;
			sourceTree = "<group>";
		};
		979DB4301D7C7D4E007C27BC /* iSocial */ = {
			isa = PBXGroup;
			children = (
				979DB4311D7C7D4E007C27BC /* AppDelegate.swift */,
				979DB4331D7C7D4E007C27BC /* ViewController.swift */,
				979DB4351D7C7D4E007C27BC /* Main.storyboard */,
				979DB4381D7C7D4E007C27BC /* Assets.xcassets */,
				979DB43A1D7C7D4E007C27BC /* LaunchScreen.storyboard */,
				979DB43D1D7C7D4E007C27BC /* Info.plist */,
			);
			path = iSocial;
			sourceTree = "<group>";
		};
/* End PBXGroup section */

/* Begin PBXNativeTarget section */
		979DB42D1D7C7D4D007C27BC /* iSocial */ = {
			isa = PBXNativeTarget;
			buildConfigurationList = 979DB4401D7C7D4E007C27BC /* Build configuration list for PBXNativeTarget "iSocial" */;
			buildPhases = (
				979DB42A1D7C7D4D007C27BC /* Sources */,
				979DB42B1D7C7D4D007C27BC /* Frameworks */,
				979DB42C1D7C7D4D007C27BC /* Resources */,
			);
			buildRules = (
			);
			dependencies = (
			);
			name = iSocial;
			productName = iSocial;
			productReference = 979DB42E1D7C7D4D007C27BC /* iSocial.app */;
			productType = "com.apple.product-type.application";
		};
/* End PBXNativeTarget section */

/* Begin PBXProject section */
		979DB4261D7C7D4D007C27BC /* Project object */ = {
			isa = PBXProject;
			attributes = {
				LastSwiftUpdateCheck = 0800;
				LastUpgradeCheck = 0800;
				ORGANIZATIONNAME = "Chao Tan";
				TargetAttributes = {
					979DB42D1D7C7D4D007C27BC = {
						CreatedOnToolsVersion = 8.0;
						DevelopmentTeam = X52CXEDL3C;
						ProvisioningStyle = Automatic;
					};
				};
			};
			buildConfigurationList = 979DB4291D7C7D4D007C27BC /* Build configuration list for PBXProject "iSocial" */;
			compatibilityVersion = "Xcode 3.2";
			developmentRegion = English;
			hasScannedForEncodings = 0;
			knownRegions = (
				en,
				Base,
			);
			mainGroup = 979DB4251D7C7D4D007C27BC;
			productRefGroup = 979DB42F1D7C7D4D007C27BC /* Products */;
			projectDirPath = "";
			projectRoot = "";
			targets = (
				979DB42D1D7C7D4D007C27BC /* iSocial */,
			);
		};
/* End PBXProject section */

/* Begin PBXResourcesBuildPhase section */
		979DB42C1D7C7D4D007C27BC /* Resources */ = {
			isa = PBXResourcesBuildPhase;
			buildActionMask = 2147483647;
			files = (
				979DB43C1D7C7D4E007C27BC /* LaunchScreen.storyboard in Resources */,
				979DB4391D7C7D4E007C27BC /* Assets.xcassets in Resources */,
				979DB4371D7C7D4E007C27BC /* Main.storyboard in Resources */,
			);
			runOnlyForDeploymentPostprocessing = 0;
		};
/* End PBXResourcesBuildPhase section */

/* Begin PBXSourcesBuildPhase section */
		979DB42A1D7C7D4D007C27BC /* Sources */ = {
			isa = PBXSourcesBuildPhase;
			buildActionMask = 2147483647;
			files = (
				979DB4341D7C7D4E007C27BC /* ViewController.swift in Sources */,
				979DB4321D7C7D4E007C27BC /* AppDelegate.swift in Sources */,
			);
			runOnlyForDeploymentPostprocessing = 0;
		};
/* End PBXSourcesBuildPhase section */

/* Begin PBXVariantGroup section */
		979DB4351D7C7D4E007C27BC /* Main.storyboard */ = {
			isa = PBXVariantGroup;
			children = (
				979DB4361D7C7D4E007C27BC /* Base */,
			);
			name = Main.storyboard;
			sourceTree = "<group>";
		};
		979DB43A1D7C7D4E007C27BC /* LaunchScreen.storyboard */ = {
			isa = PBXVariantGroup;
			children = (
				979DB43B1D7C7D4E007C27BC /* Base */,
			);
			name = LaunchScreen.storyboard;
			sourceTree = "<group>";
		};
/* End PBXVariantGroup section */

/* Begin XCBuildConfiguration section */
		979DB43E1D7C7D4E007C27BC /* Debug */ = {
			isa = XCBuildConfiguration;
			buildSettings = {
				ALWAYS_SEARCH_USER_PATHS = NO;
				CLANG_ANALYZER_NONNULL = YES;
				CLANG_CXX_LANGUAGE_STANDARD = "gnu++0x";
				CLANG_CXX_LIBRARY = "libc++";
				CLANG_ENABLE_MODULES = YES;
				CLANG_ENABLE_OBJC_ARC = YES;
				CLANG_WARN_BOOL_CONVERSION = YES;
				CLANG_WARN_CONSTANT_CONVERSION = YES;
				CLANG_WARN_DIRECT_OBJC_ISA_USAGE = YES_ERROR;
				CLANG_WARN_DOCUMENTATION_COMMENTS = YES;
				CLANG_WARN_EMPTY_BODY = YES;
				CLANG_WARN_ENUM_CONVERSION = YES;
				CLANG_WARN_INFINITE_RECURSION = YES;
				CLANG_WARN_INT_CONVERSION = YES;
				CLANG_WARN_OBJC_ROOT_CLASS = YES_ERROR;
				CLANG_WARN_SUSPICIOUS_MOVES = YES;
				CLANG_WARN_UNREACHABLE_CODE = YES;
				CLANG_WARN__DUPLICATE_METHOD_MATCH = YES;
				"CODE_SIGN_IDENTITY[sdk=iphoneos*]" = "iPhone Developer";
				COPY_PHASE_STRIP = NO;
				DEBUG_INFORMATION_FORMAT = dwarf;
				ENABLE_STRICT_OBJC_MSGSEND = YES;
				ENABLE_TESTABILITY = YES;
				GCC_C_LANGUAGE_STANDARD = gnu99;
				GCC_DYNAMIC_NO_PIC = NO;
				GCC_NO_COMMON_BLOCKS = YES;
				GCC_OPTIMIZATION_LEVEL = 0;
				GCC_PREPROCESSOR_DEFINITIONS = (
					"DEBUG=1",
					"$(inherited)",
				);
				GCC_WARN_64_TO_32_BIT_CONVERSION = YES;
				GCC_WARN_ABOUT_RETURN_TYPE = YES_ERROR;
				GCC_WARN_UNDECLARED_SELECTOR = YES;
				GCC_WARN_UNINITIALIZED_AUTOS = YES_AGGRESSIVE;
				GCC_WARN_UNUSED_FUNCTION = YES;
				GCC_WARN_UNUSED_VARIABLE = YES;
				IPHONEOS_DEPLOYMENT_TARGET = 10.0;
				MTL_ENABLE_DEBUG_INFO = YES;
				ONLY_ACTIVE_ARCH = YES;
				SDKROOT = iphoneos;
				SWIFT_ACTIVE_COMPILATION_CONDITIONS = DEBUG;
				SWIFT_OPTIMIZATION_LEVEL = "-Onone";
			};
			name = Debug;
		};
		979DB43F1D7C7D4E007C27BC /* Release */ = {
			isa = XCBuildConfiguration;
			buildSettings = {
				ALWAYS_SEARCH_USER_PATHS = NO;
				CLANG_ANALYZER_NONNULL = YES;
				CLANG_CXX_LANGUAGE_STANDARD = "gnu++0x";
				CLANG_CXX_LIBRARY = "libc++";
				CLANG_ENABLE_MODULES = YES;
				CLANG_ENABLE_OBJC_ARC = YES;
				CLANG_WARN_BOOL_CONVERSION = YES;
				CLANG_WARN_CONSTANT_CONVERSION = YES;
				CLANG_WARN_DIRECT_OBJC_ISA_USAGE = YES_ERROR;
				CLANG_WARN_DOCUMENTATION_COMMENTS = YES;
				CLANG_WARN_EMPTY_BODY = YES;
				CLANG_WARN_ENUM_CONVERSION = YES;
				CLANG_WARN_INFINITE_RECURSION = YES;
				CLANG_WARN_INT_CONVERSION = YES;
				CLANG_WARN_OBJC_ROOT_CLASS = YES_ERROR;
				CLANG_WARN_SUSPICIOUS_MOVES = YES;
				CLANG_WARN_UNREACHABLE_CODE = YES;
				CLANG_WARN__DUPLICATE_METHOD_MATCH = YES;
				"CODE_SIGN_IDENTITY[sdk=iphoneos*]" = "iPhone Developer";
				COPY_PHASE_STRIP = NO;
				DEBUG_INFORMATION_FORMAT = "dwarf-with-dsym";
				ENABLE_NS_ASSERTIONS = NO;
				ENABLE_STRICT_OBJC_MSGSEND = YES;
				GCC_C_LANGUAGE_STANDARD = gnu99;
				GCC_NO_COMMON_BLOCKS = YES;
				GCC_WARN_64_TO_32_BIT_CONVERSION = YES;
				GCC_WARN_ABOUT_RETURN_TYPE = YES_ERROR;
				GCC_WARN_UNDECLARED_SELECTOR = YES;
				GCC_WARN_UNINITIALIZED_AUTOS = YES_AGGRESSIVE;
				GCC_WARN_UNUSED_FUNCTION = YES;
				GCC_WARN_UNUSED_VARIABLE = YES;
				IPHONEOS_DEPLOYMENT_TARGET = 10.0;
				MTL_ENABLE_DEBUG_INFO = NO;
				SDKROOT = iphoneos;
				SWIFT_OPTIMIZATION_LEVEL = "-Owholemodule";
				VALIDATE_PRODUCT = YES;
			};
			name = Release;
		};
		979DB4411D7C7D4E007C27BC /* Debug */ = {
			isa = XCBuildConfiguration;
			buildSettings = {
				ASSETCATALOG_COMPILER_APPICON_NAME = AppIcon;
				DEVELOPMENT_TEAM = X52CXEDL3C;
				INFOPLIST_FILE = iSocial/Info.plist;
				LD_RUNPATH_SEARCH_PATHS = "$(inherited) @executable_path/Frameworks";
				PRODUCT_BUNDLE_IDENTIFIER = com.chaotan.iSocial;
				PRODUCT_NAME = "$(TARGET_NAME)";
				SWIFT_VERSION = 3.0;
			};
			name = Debug;
		};
		979DB4421D7C7D4E007C27BC /* Release */ = {
			isa = XCBuildConfiguration;
			buildSettings = {
				ASSETCATALOG_COMPILER_APPICON_NAME = AppIcon;
				DEVELOPMENT_TEAM = X52CXEDL3C;
				INFOPLIST_FILE = iSocial/Info.plist;
				LD_RUNPATH_SEARCH_PATHS = "$(inherited) @executable_path/Frameworks";
				PRODUCT_BUNDLE_IDENTIFIER = com.chaotan.iSocial;
				PRODUCT_NAME = "$(TARGET_NAME)";
				SWIFT_VERSION = 3.0;
			};
			name = Release;
		};
/* End XCBuildConfiguration section */

/* Begin XCConfigurationList section */
		979DB4291D7C7D4D007C27BC /* Build configuration list for PBXProject "iSocial" */ = {
			isa = XCConfigurationList;
			buildConfigurations = (
				979DB43E1D7C7D4E007C27BC /* Debug */,
				979DB43F1D7C7D4E007C27BC /* Release */,
			);
			defaultConfigurationIsVisible = 0;
			defaultConfigurationName = Release;
		};
		979DB4401D7C7D4E007C27BC /* Build configuration list for PBXNativeTarget "iSocial" */ = {
			isa = XCConfigurationList;
			buildConfigurations = (
				979DB4411D7C7D4E007C27BC /* Debug */,
				979DB4421D7C7D4E007C27BC /* Release */,
			);
			defaultConfigurationIsVisible = 0;
		};
/* End XCConfigurationList section */
	};
	rootObject = 979DB4261D7C7D4D007C27BC /* Project object */;
}
